// !$*UTF8*$!
{
	archiveVersion = 1;
	classes = {
	};
	objectVersion = 50;
	objects = {

/* Begin PBXBuildFile section */
		428C6D76225ED49D00B8B005 /* AppDelegate.swift in Sources */ = {isa = PBXBuildFile; fileRef = 428C6D75225ED49D00B8B005 /* AppDelegate.swift */; };
		428C6D78225ED49D00B8B005 /* ViewController.swift in Sources */ = {isa = PBXBuildFile; fileRef = 428C6D77225ED49D00B8B005 /* ViewController.swift */; };
		428C6D7B225ED49D00B8B005 /* Main.storyboard in Resources */ = {isa = PBXBuildFile; fileRef = 428C6D79225ED49D00B8B005 /* Main.storyboard */; };
		428C6D7D225ED49E00B8B005 /* Assets.xcassets in Resources */ = {isa = PBXBuildFile; fileRef = 428C6D7C225ED49E00B8B005 /* Assets.xcassets */; };
		428C6D80225ED49E00B8B005 /* LaunchScreen.storyboard in Resources */ = {isa = PBXBuildFile; fileRef = 428C6D7E225ED49E00B8B005 /* LaunchScreen.storyboard */; };
/* End PBXBuildFile section */

/* Begin PBXFileReference section */
		428C6D72225ED49D00B8B005 /* Dicee.app */ = {isa = PBXFileReference; explicitFileType = wrapper.application; includeInIndex = 0; path = Dicee.app; sourceTree = BUILT_PRODUCTS_DIR; };
		428C6D75225ED49D00B8B005 /* AppDelegate.swift */ = {isa = PBXFileReference; lastKnownFileType = sourcecode.swift; path = AppDelegate.swift; sourceTree = "<group>"; };
		428C6D77225ED49D00B8B005 /* ViewController.swift */ = {isa = PBXFileReference; lastKnownFileType = sourcecode.swift; path = ViewController.swift; sourceTree = "<group>"; };
		428C6D7A225ED49D00B8B005 /* Base */ = {isa = PBXFileReference; lastKnownFileType = file.storyboard; name = Base; path = Base.lproj/Main.storyboard; sourceTree = "<group>"; };
		428C6D7C225ED49E00B8B005 /* Assets.xcassets */ = {isa = PBXFileReference; lastKnownFileType = folder.assetcatalog; path = Assets.xcassets; sourceTree = "<group>"; };
		428C6D7F225ED49E00B8B005 /* Base */ = {isa = PBXFileReference; lastKnownFileType = file.storyboard; name = Base; path = Base.lproj/LaunchScreen.storyboard; sourceTree = "<group>"; };
		428C6D81225ED49E00B8B005 /* Info.plist */ = {isa = PBXFileReference; lastKnownFileType = text.plist.xml; path = Info.plist; sourceTree = "<group>"; };
/* End PBXFileReference section */

/* Begin PBXFrameworksBuildPhase section */
		428C6D6F225ED49D00B8B005 /* Frameworks */ = {
			isa = PBXFrameworksBuildPhase;
			buildActionMask = 2147483647;
			files = (
			);
			runOnlyForDeploymentPostprocessing = 0;
		};
/* End PBXFrameworksBuildPhase section */

/* Begin PBXGroup section */
		428C6D69225ED49D00B8B005 = {
			isa = PBXGroup;
			children = (
				428C6D74225ED49D00B8B005 /* Dicee */,
				428C6D73225ED49D00B8B005 /* Products */,
			);
			sourceTree = "<group>";
		};
		428C6D73225ED49D00B8B005 /* Products */ = {
			isa = PBXGroup;
			children = (
				428C6D72225ED49D00B8B005 /* Dicee.app */,
			);
			name = Products;
			sourceTree = "<group>";
		};
		428C6D74225ED49D00B8B005 /* Dicee */ = {
			isa = PBXGroup;
			children = (
				428C6D75225ED49D00B8B005 /* AppDelegate.swift */,
				428C6D77225ED49D00B8B005 /* ViewController.swift */,
				428C6D79225ED49D00B8B005 /* Main.storyboard */,
				428C6D7C225ED49E00B8B005 /* Assets.xcassets */,
				428C6D7E225ED49E00B8B005 /* LaunchScreen.storyboard */,
				428C6D81225ED49E00B8B005 /* Info.plist */,
			);
			path = Dicee;
			sourceTree = "<group>";
		};
/* End PBXGroup section */

/* Begin PBXNativeTarget section */
		428C6D71225ED49D00B8B005 /* Dicee */ = {
			isa = PBXNativeTarget;
			buildConfigurationList = 428C6D84225ED49E00B8B005 /* Build configuration list for PBXNativeTarget "Dicee" */;
			buildPhases = (
				428C6D6E225ED49D00B8B005 /* Sources */,
				428C6D6F225ED49D00B8B005 /* Frameworks */,
				428C6D70225ED49D00B8B005 /* Resources */,
			);
			buildRules = (
			);
			dependencies = (
			);
			name = Dicee;
			productName = Dicee;
			productReference = 428C6D72225ED49D00B8B005 /* Dicee.app */;
			productType = "com.apple.product-type.application";
		};
/* End PBXNativeTarget section */

/* Begin PBXProject section */
		428C6D6A225ED49D00B8B005 /* Project object */ = {
			isa = PBXProject;
			attributes = {
				LastSwiftUpdateCheck = 1010;
				LastUpgradeCheck = 1010;
				ORGANIZATIONNAME = "Alicia Kirkland";
				TargetAttributes = {
					428C6D71225ED49D00B8B005 = {
						CreatedOnToolsVersion = 10.1;
					};
				};
			};
			buildConfigurationList = 428C6D6D225ED49D00B8B005 /* Build configuration list for PBXProject "Dicee" */;
			compatibilityVersion = "Xcode 9.3";
			developmentRegion = en;
			hasScannedForEncodings = 0;
			knownRegions = (
				en,
				Base,
			);
			mainGroup = 428C6D69225ED49D00B8B005;
			productRefGroup = 428C6D73225ED49D00B8B005 /* Products */;
			projectDirPath = "";
			projectRoot = "";
			targets = (
				428C6D71225ED49D00B8B005 /* Dicee */,
			);
		};
/* End PBXProject section */

/* Begin PBXResourcesBuildPhase section */
		428C6D70225ED49D00B8B005 /* Resources */ = {
			isa = PBXResourcesBuildPhase;
			buildActionMask = 2147483647;
			files = (
				428C6D80225ED49E00B8B005 /* LaunchScreen.storyboard in Resources */,
				428C6D7D225ED49E00B8B005 /* Assets.xcassets in Resources */,
				428C6D7B225ED49D00B8B005 /* Main.storyboard in Resources */,
			);
			runOnlyForDeploymentPostprocessing = 0;
		};
/* End PBXResourcesBuildPhase section */

/* Begin PBXSourcesBuildPhase section */
		428C6D6E225ED49D00B8B005 /* Sources */ = {
			isa = PBXSourcesBuildPhase;
			buildActionMask = 2147483647;
			files = (
				428C6D78225ED49D00B8B005 /* ViewController.swift in Sources */,
				428C6D76225ED49D00B8B005 /* AppDelegate.swift in Sources */,
			);
			runOnlyForDeploymentPostprocessing = 0;
		};
/* End PBXSourcesBuildPhase section */

/* Begin PBXVariantGroup section */
		428C6D79225ED49D00B8B005 /* Main.storyboard */ = {
			isa = PBXVariantGroup;
			children = (
				428C6D7A225ED49D00B8B005 /* Base */,
			);
			name = Main.storyboard;
			sourceTree = "<group>";
		};
		428C6D7E225ED49E00B8B005 /* LaunchScreen.storyboard */ = {
			isa = PBXVariantGroup;
			children = (
				428C6D7F225ED49E00B8B005 /* Base */,
			);
			name = LaunchScreen.storyboard;
			sourceTree = "<group>";
		};
/* End PBXVariantGroup section */

/* Begin XCBuildConfiguration section */
		428C6D82225ED49E00B8B005 /* Debug */ = {
			isa = XCBuildConfiguration;
			buildSettings = {
				ALWAYS_SEARCH_USER_PATHS = NO;
				CLANG_ANALYZER_NONNULL = YES;
				CLANG_ANALYZER_NUMBER_OBJECT_CONVERSION = YES_AGGRESSIVE;
				CLANG_CXX_LANGUAGE_STANDARD = "gnu++14";
				CLANG_CXX_LIBRARY = "libc++";
				CLANG_ENABLE_MODULES = YES;
				CLANG_ENABLE_OBJC_ARC = YES;
				CLANG_ENABLE_OBJC_WEAK = YES;
				CLANG_WARN_BLOCK_CAPTURE_AUTORELEASING = YES;
				CLANG_WARN_BOOL_CONVERSION = YES;
				CLANG_WARN_COMMA = YES;
				CLANG_WARN_CONSTANT_CONVERSION = YES;
				CLANG_WARN_DEPRECATED_OBJC_IMPLEMENTATIONS = YES;
				CLANG_WARN_DIRECT_OBJC_ISA_USAGE = YES_ERROR;
				CLANG_WARN_DOCUMENTATION_COMMENTS = YES;
				CLANG_WARN_EMPTY_BODY = YES;
				CLANG_WARN_ENUM_CONVERSION = YES;
				CLANG_WARN_INFINITE_RECURSION = YES;
				CLANG_WARN_INT_CONVERSION = YES;
				CLANG_WARN_NON_LITERAL_NULL_CONVERSION = YES;
				CLANG_WARN_OBJC_IMPLICIT_RETAIN_SELF = YES;
				CLANG_WARN_OBJC_LITERAL_CONVERSION = YES;
				CLANG_WARN_OBJC_ROOT_CLASS = YES_ERROR;
				CLANG_WARN_RANGE_LOOP_ANALYSIS = YES;
				CLANG_WARN_STRICT_PROTOTYPES = YES;
				CLANG_WARN_SUSPICIOUS_MOVE = YES;
				CLANG_WARN_UNGUARDED_AVAILABILITY = YES_AGGRESSIVE;
				CLANG_WARN_UNREACHABLE_CODE = YES;
				CLANG_WARN__DUPLICATE_METHOD_MATCH = YES;
				CODE_SIGN_IDENTITY = "iPhone Developer";
				COPY_PHASE_STRIP = NO;
				DEBUG_INFORMATION_FORMAT = dwarf;
				ENABLE_STRICT_OBJC_MSGSEND = YES;
				ENABLE_TESTABILITY = YES;
				GCC_C_LANGUAGE_STANDARD = gnu11;
				GCC_DYNAMIC_NO_PIC = NO;
				GCC_NO_COMMON_BLOCKS = YES;
				GCC_OPTIMIZATION_LEVEL = 0;
				GCC_PREPROCESSOR_DEFINITIONS = (
					"DEBUG=1",
					"$(inherited)",
				);
				GCC_WARN_64_TO_32_BIT_CONVERSION = YES;
				GCC_WARN_ABOUT_RETURN_TYPE = YES_ERROR;
				GCC_WARN_UNDECLARED_SELECTOR = YES;
				GCC_WARN_UNINITIALIZED_AUTOS = YES_AGGRESSIVE;
				GCC_WARN_UNUSED_FUNCTION = YES;
				GCC_WARN_UNUSED_VARIABLE = YES;
				IPHONEOS_DEPLOYMENT_TARGET = 12.1;
				MTL_ENABLE_DEBUG_INFO = INCLUDE_SOURCE;
				MTL_FAST_MATH = YES;
				ONLY_ACTIVE_ARCH = YES;
				SDKROOT = iphoneos;
				SWIFT_ACTIVE_COMPILATION_CONDITIONS = DEBUG;
				SWIFT_OPTIMIZATION_LEVEL = "-Onone";
			};
			name = Debug;
		};
		428C6D83225ED49E00B8B005 /* Release */ = {
			isa = XCBuildConfiguration;
			buildSettings = {
				ALWAYS_SEARCH_USER_PATHS = NO;
				CLANG_ANALYZER_NONNULL = YES;
				CLANG_ANALYZER_NUMBER_OBJECT_CONVERSION = YES_AGGRESSIVE;
				CLANG_CXX_LANGUAGE_STANDARD = "gnu++14";
				CLANG_CXX_LIBRARY = "libc++";
				CLANG_ENABLE_MODULES = YES;
				CLANG_ENABLE_OBJC_ARC = YES;
				CLANG_ENABLE_OBJC_WEAK = YES;
				CLANG_WARN_BLOCK_CAPTURE_AUTORELEASING = YES;
				CLANG_WARN_BOOL_CONVERSION = YES;
				CLANG_WARN_COMMA = YES;
				CLANG_WARN_CONSTANT_CONVERSION = YES;
				CLANG_WARN_DEPRECATED_OBJC_IMPLEMENTATIONS = YES;
				CLANG_WARN_DIRECT_OBJC_ISA_USAGE = YES_ERROR;
				CLANG_WARN_DOCUMENTATION_COMMENTS = YES;
				CLANG_WARN_EMPTY_BODY = YES;
				CLANG_WARN_ENUM_CONVERSION = YES;
				CLANG_WARN_INFINITE_RECURSION = YES;
				CLANG_WARN_INT_CONVERSION = YES;
				CLANG_WARN_NON_LITERAL_NULL_CONVERSION = YES;
				CLANG_WARN_OBJC_IMPLICIT_RETAIN_SELF = YES;
				CLANG_WARN_OBJC_LITERAL_CONVERSION = YES;
				CLANG_WARN_OBJC_ROOT_CLASS = YES_ERROR;
				CLANG_WARN_RANGE_LOOP_ANALYSIS = YES;
				CLANG_WARN_STRICT_PROTOTYPES = YES;
				CLANG_WARN_SUSPICIOUS_MOVE = YES;
				CLANG_WARN_UNGUARDED_AVAILABILITY = YES_AGGRESSIVE;
				CLANG_WARN_UNREACHABLE_CODE = YES;
				CLANG_WARN__DUPLICATE_METHOD_MATCH = YES;
				CODE_SIGN_IDENTITY = "iPhone Developer";
				COPY_PHASE_STRIP = NO;
				DEBUG_INFORMATION_FORMAT = "dwarf-with-dsym";
				ENABLE_NS_ASSERTIONS = NO;
				ENABLE_STRICT_OBJC_MSGSEND = YES;
				GCC_C_LANGUAGE_STANDARD = gnu11;
				GCC_NO_COMMON_BLOCKS = YES;
				GCC_WARN_64_TO_32_BIT_CONVERSION = YES;
				GCC_WARN_ABOUT_RETURN_TYPE = YES_ERROR;
				GCC_WARN_UNDECLARED_SELECTOR = YES;
				GCC_WARN_UNINITIALIZED_AUTOS = YES_AGGRESSIVE;
				GCC_WARN_UNUSED_FUNCTION = YES;
				GCC_WARN_UNUSED_VARIABLE = YES;
				IPHONEOS_DEPLOYMENT_TARGET = 12.1;
				MTL_ENABLE_DEBUG_INFO = NO;
				MTL_FAST_MATH = YES;
				SDKROOT = iphoneos;
				SWIFT_COMPILATION_MODE = wholemodule;
				SWIFT_OPTIMIZATION_LEVEL = "-O";
				VALIDATE_PRODUCT = YES;
			};
			name = Release;
		};
		428C6D85225ED49E00B8B005 /* Debug */ = {
			isa = XCBuildConfiguration;
			buildSettings = {
				ASSETCATALOG_COMPILER_APPICON_NAME = AppIcon;
				CODE_SIGN_STYLE = Automatic;
				INFOPLIST_FILE = Dicee/Info.plist;
				LD_RUNPATH_SEARCH_PATHS = (
					"$(inherited)",
					"@executable_path/Frameworks",
				);
				PRODUCT_BUNDLE_IDENTIFIER = com.aliciamkirkland.Dicee;
				PRODUCT_NAME = "$(TARGET_NAME)";
				SWIFT_VERSION = 4.2;
				TARGETED_DEVICE_FAMILY = "1,2";
			};
			name = Debug;
		};
		428C6D86225ED49E00B8B005 /* Release */ = {
			isa = XCBuildConfiguration;
			buildSettings = {
				ASSETCATALOG_COMPILER_APPICON_NAME = AppIcon;
				CODE_SIGN_STYLE = Automatic;
				INFOPLIST_FILE = Dicee/Info.plist;
				LD_RUNPATH_SEARCH_PATHS = (
					"$(inherited)",
					"@executable_path/Frameworks",
				);
				PRODUCT_BUNDLE_IDENTIFIER = com.aliciamkirkland.Dicee;
				PRODUCT_NAME = "$(TARGET_NAME)";
				SWIFT_VERSION = 4.2;
				TARGETED_DEVICE_FAMILY = "1,2";
			};
			name = Release;
		};
/* End XCBuildConfiguration section */

/* Begin XCConfigurationList section */
		428C6D6D225ED49D00B8B005 /* Build configuration list for PBXProject "Dicee" */ = {
			isa = XCConfigurationList;
			buildConfigurations = (
				428C6D82225ED49E00B8B005 /* Debug */,
				428C6D83225ED49E00B8B005 /* Release */,
			);
			defaultConfigurationIsVisible = 0;
			defaultConfigurationName = Release;
		};
		428C6D84225ED49E00B8B005 /* Build configuration list for PBXNativeTarget "Dicee" */ = {
			isa = XCConfigurationList;
			buildConfigurations = (
				428C6D85225ED49E00B8B005 /* Debug */,
				428C6D86225ED49E00B8B005 /* Release */,
			);
			defaultConfigurationIsVisible = 0;
			defaultConfigurationName = Release;
		};
/* End XCConfigurationList section */
	};
	rootObject = 428C6D6A225ED49D00B8B005 /* Project object */;
}
